version = 1
revision = 3
requires-python = ">=3.12"

[[package]]
name = "python-studies"
version = "0.1.0"
source = { virtual = "." }
dependencies = [
    { name = "pytz" },
    { name = "types-pytz" },
]

[package.metadata]
requires-dist = [
    { name = "pytz", specifier = ">=2026.1.post1" },
    { name = "types-pytz", specifier = ">=2025.2.0.20251108" },
]

[[package]]
name = "pytz"
version = "2026.1.post1"
source = { registry = "https://pypi.org/simple" }
sdist = { url = "https://files.pythonhosted.org/packages/56/db/b8721d71d945e6a8ac63c0fc900b2067181dbb50805958d4d4661cf7d277/pytz-2026.1.post1.tar.gz", hash = "sha256:3378dde6a0c3d26719182142c56e60c7f9af7e968076f31aae569d72a0358ee1", size = 321088, upload-time = "2026-03-03T07:47:50.683Z" }
wheels = [
    { url = "https://files.pythonhosted.org/packages/10/99/781fe0c827be2742bcc775efefccb3b048a3a9c6ce9aec0cbf4a101677e5/pytz-2026.1.post1-py2.py3-none-any.whl", hash = "sha256:f2fd16142fda348286a75e1a524be810bb05d444e5a081f37f7affc635035f7a", size = 510489, upload-time = "2026-03-03T07:47:49.167Z" },
]

[[package]]
name = "types-pytz"
version = "2025.2.0.20251108"
source = { registry = "https://pypi.org/simple" }
sdist = { url = "https://files.pythonhosted.org/packages/40/ff/c047ddc68c803b46470a357454ef76f4acd8c1088f5cc4891cdd909bfcf6/types_pytz-2025.2.0.20251108.tar.gz", hash = "sha256:fca87917836ae843f07129567b74c1929f1870610681b4c92cb86a3df5817bdb", size = 10961, upload-time = "2025-11-08T02:55:57.001Z" }
wheels = [
    { url = "https://files.pythonhosted.org/packages/e7/c1/56ef16bf5dcd255155cc736d276efa6ae0a5c26fd685e28f0412a4013c01/types_pytz-2025.2.0.20251108-py3-none-any.whl", hash = "sha256:0f1c9792cab4eb0e46c52f8845c8f77cf1e313cb3d68bf826aa867fe4717d91c", size = 10116, upload-time = "2025-11-08T02:55:56.194Z" },
]
